<?xml version="1.0" encoding="utf-8"?>
<Project xmlns="http://schemas.microsoft.com/developer/msbuild/2003">
  <ItemGroup>
    <Filter Include="Form Files">
      <UniqueIdentifier>{99349809-55BA-4b9d-BF79-8FDBB0286EB3}</UniqueIdentifier>
      <Extensions>ui</Extensions>
      <ParseFiles>false</ParseFiles>
    </Filter>
    <Filter Include="Form Files">
      <UniqueIdentifier>{99349809-55BA-4b9d-BF79-8FDBB0286EB3}</UniqueIdentifier>
      <Extensions>ui</Extensions>
      <ParseFiles>false</ParseFiles>
    </Filter>
    <Filter Include="Generated Files">
      <UniqueIdentifier>{71ED8ED8-ACB9-4CE9-BBE1-E00B30144E11}</UniqueIdentifier>
      <Extensions>cpp;c;cxx;moc;h;def;odl;idl;res;</Extensions>
    </Filter>
    <Filter Include="Generated Files">
      <UniqueIdentifier>{71ED8ED8-ACB9-4CE9-BBE1-E00B30144E11}</UniqueIdentifier>
      <Extensions>cpp;c;cxx;moc;h;def;odl;idl;res;</Extensions>
    </Filter>
    <Filter Include="Header Files">
      <UniqueIdentifier>{93995380-89BD-4b04-88EB-625FBE52EBFB}</UniqueIdentifier>
      <Extensions>h;hpp;hxx;hm;inl;inc;xsd</Extensions>
    </Filter>
    <Filter Include="Header Files">
      <UniqueIdentifier>{93995380-89BD-4b04-88EB-625FBE52EBFB}</UniqueIdentifier>
      <Extensions>h;hpp;hxx;hm;inl;inc;xsd</Extensions>
    </Filter>
    <Filter Include="Resource Files">
      <UniqueIdentifier>{D9D6E242-F8AF-46E4-B9FD-80ECBC20BA3E}</UniqueIdentifier>
      <Extensions>qrc;*</Extensions>
      <ParseFiles>false</ParseFiles>
    </Filter>
    <Filter Include="Resource Files">
      <UniqueIdentifier>{D9D6E242-F8AF-46E4-B9FD-80ECBC20BA3E}</UniqueIdentifier>
      <Extensions>qrc;*</Extensions>
      <ParseFiles>false</ParseFiles>
    </Filter>
    <Filter Include="Source Files">
      <UniqueIdentifier>{4FC737F1-C7A5-4376-A066-2A32D752A2FF}</UniqueIdentifier>
      <Extensions>cpp;c;cxx;def;odl;idl;hpj;bat;asm;asmx</Extensions>
    </Filter>
    <Filter Include="Source Files">
      <UniqueIdentifier>{4FC737F1-C7A5-4376-A066-2A32D752A2FF}</UniqueIdentifier>
      <Extensions>cpp;c;cxx;def;odl;idl;hpj;bat;asm;asmx</Extensions>
    </Filter>
  </ItemGroup>
  <ItemGroup>
    <ClCompile Include="CHVisionAdvX.cpp">
      <Filter>Source Files</Filter>
    </ClCompile>
    <ClCompile Include="CUnloadPlateA.cpp">
      <Filter>Source Files</Filter>
    </ClCompile>
    <ClCompile Include="anodealgorithmworker.cpp">
      <Filter>Source Files</Filter>
    </ClCompile>
    <ClCompile Include="api\apiserver.cpp">
      <Filter>Source Files</Filter>
    </ClCompile>
    <ClCompile Include="api\batchfinepositioningmanager.cpp">
      <Filter>Source Files</Filter>
    </ClCompile>
    <ClCompile Include="cameratestdialog.cpp">
      <Filter>Source Files</Filter>
    </ClCompile>
    <ClCompile Include="camerawidget.cpp">
      <Filter>Source Files</Filter>
    </ClCompile>
    <ClCompile Include="heatmapcontroldialog.cpp">
      <Filter>Source Files</Filter>
    </ClCompile>
    <ClCompile Include="heatmapgenerator.cpp">
      <Filter>Source Files</Filter>
    </ClCompile>
    <ClCompile Include="heatmapwidget.cpp">
      <Filter>Source Files</Filter>
    </ClCompile>
    <ClCompile Include="utils\imageutils.cpp">
      <Filter>Source Files</Filter>
    </ClCompile>
    <ClCompile Include="main.cpp">
      <Filter>Source Files</Filter>
    </ClCompile>
    <ClCompile Include="parametersettingsdialog.cpp">
      <Filter>Source Files</Filter>
    </ClCompile>
    <ClCompile Include="phoxicontroller.cpp">
      <Filter>Source Files</Filter>
    </ClCompile>
    <ClCompile Include="radarcontroller.cpp">
      <Filter>Source Files</Filter>
    </ClCompile>
    <ClCompile Include="widget.cpp">
      <Filter>Source Files</Filter>
    </ClCompile>
    <ClCompile Include="api\wmsclient.cpp">
      <Filter>Source Files</Filter>
    </ClCompile>
  </ItemGroup>
  <ItemGroup>
    <ClInclude Include="CHVisionAdvX.h">
      <Filter>Header Files</Filter>
    </ClInclude>
    <ClInclude Include="CUnloadPlateA.h">
      <Filter>Header Files</Filter>
    </ClInclude>
    <ClInclude Include="DataX.h">
      <Filter>Header Files</Filter>
    </ClInclude>
    <QtMoc Include="anodealgorithmworker.h">
      <Filter>Header Files</Filter>
    </QtMoc>
    <ClInclude Include="api\apiconfig.h">
      <Filter>Header Files</Filter>
    </ClInclude>
    <QtMoc Include="api\apiserver.h">
      <Filter>Header Files</Filter>
    </QtMoc>
    <ClInclude Include="api\apitypes.h">
      <Filter>Header Files</Filter>
    </ClInclude>
    <QtMoc Include="api\batchfinepositioningmanager.h">
      <Filter>Header Files</Filter>
    </QtMoc>
    <QtMoc Include="cameratestdialog.h">
      <Filter>Header Files</Filter>
    </QtMoc>
    <QtMoc Include="camerawidget.h">
      <Filter>Header Files</Filter>
    </QtMoc>
    <QtMoc Include="heatmapcontroldialog.h">
      <Filter>Header Files</Filter>
    </QtMoc>
    <QtMoc Include="heatmapgenerator.h">
      <Filter>Header Files</Filter>
    </QtMoc>
    <QtMoc Include="heatmapwidget.h">
      <Filter>Header Files</Filter>
    </QtMoc>
    <ClInclude Include="utils\imageutils.h">
      <Filter>Header Files</Filter>
    </ClInclude>
    <QtMoc Include="parametersettingsdialog.h">
      <Filter>Header Files</Filter>
    </QtMoc>
    <QtMoc Include="phoxicontroller.h">
      <Filter>Header Files</Filter>
    </QtMoc>
    <QtMoc Include="radarcontroller.h">
      <Filter>Header Files</Filter>
    </QtMoc>
    <QtMoc Include="widget.h">
      <Filter>Header Files</Filter>
    </QtMoc>
    <QtMoc Include="api\wmsclient.h">
      <Filter>Header Files</Filter>
    </QtMoc>
  </ItemGroup>
  <ItemGroup>
    <CustomBuild Include="debug\moc_predefs.h.cbt">
      <Filter>Generated Files</Filter>
    </CustomBuild>
    <CustomBuild Include="release\moc_predefs.h.cbt">
      <Filter>Generated Files</Filter>
    </CustomBuild>
  </ItemGroup>
  <ItemGroup>
    <QtUic Include="parametersettingsdialog.ui">
      <Filter>Form Files</Filter>
    </QtUic>
    <QtUic Include="widget.ui">
      <Filter>Form Files</Filter>
    </QtUic>
  </ItemGroup>
  <ItemGroup>
    <QtRcc Include="images.qrc">
      <Filter>Resource Files</Filter>
    </QtRcc>
    <None Include="image\logo.ico">
      <Filter>Resource Files</Filter>
    </None>
    <None Include="image\logo.png">
      <Filter>Resource Files</Filter>
    </None>
  </ItemGroup>
</Project>